
Microsoft Visual Studio Solution File, Format Version 12.00
# Visual Studio Version 17
VisualStudioVersion = 17.0.31903.59
MinimumVisualStudioVersion = 10.0.40219.1
Project("{9A19103F-16F7-4668-BE54-9A1E7A4F7556}") = "AuthServer", "AuthServer\AuthServer.csproj", "{D22066B0-9D32-4281-AA63-B352005FB386}"
EndProject
Project("{FAE04EC0-301F-11D3-BF4B-00C04F79EFBC}") = "LegacyWeb", "LegacyWeb\LegacyWeb.csproj", "{E1AA0363-5623-4380-A285-ABB2C9232F68}"
EndProject
Global
	GlobalSection(SolutionConfigurationPlatforms) = preSolution
		Debug|Any CPU = Debug|Any CPU
		Release|Any CPU = Release|Any CPU
	EndGlobalSection
	GlobalSection(ProjectConfigurationPlatforms) = postSolution
		{D22066B0-9D32-4281-AA63-B352005FB386}.Debug|Any CPU.ActiveCfg = Debug|Any CPU
		{D22066B0-9D32-4281-AA63-B352005FB386}.Debug|Any CPU.Build.0 = Debug|Any CPU
		{D22066B0-9D32-4281-AA63-B352005FB386}.Release|Any CPU.ActiveCfg = Release|Any CPU
		{D22066B0-9D32-4281-AA63-B352005FB386}.Release|Any CPU.Build.0 = Release|Any CPU
		{E1AA0363-5623-4380-A285-ABB2C9232F68}.Debug|Any CPU.ActiveCfg = Debug|Any CPU
		{E1AA0363-5623-4380-A285-ABB2C9232F68}.Debug|Any CPU.Build.0 = Debug|Any CPU
		{E1AA0363-5623-4380-A285-ABB2C9232F68}.Release|Any CPU.ActiveCfg = Release|Any CPU
		{E1AA0363-5623-4380-A285-ABB2C9232F68}.Release|Any CPU.Build.0 = Release|Any CPU
	EndGlobalSection
	GlobalSection(SolutionProperties) = preSolution
		HideSolutionNode = FALSE
	EndGlobalSection
	GlobalSection(ExtensibilityGlobals) = postSolution
		SolutionGuid = {C94E4615-659D-4EF6-B850-67FF54665EBC}
	EndGlobalSection
EndGlobal
